{
  "object": {
    "pins": [
      {
        "package": "SwiftProtobuf",
        "repositoryURL": "https://github.com/apple/swift-protobuf.git",
        "state": {
          "branch": null,
          "revision": "7e2c5f3cbbeea68e004915e3a8961e20bd11d824",
          "version": "1.18.0"
        }
      }
    ]
  },
  "version": 1
}
